<?xml version="1.0" encoding="utf-8"?>
<Project ToolsVersion="4.0" xmlns="http://schemas.microsoft.com/developer/msbuild/2003">
  <ItemGroup>
    <Filter Include="src">
      <UniqueIdentifier>{2DAB880B-99B4-887C-2230-9F7C8E38947C}</UniqueIdentifier>
    </Filter>
    <Filter Include="src\Hazel">
      <UniqueIdentifier>{F0370AB3-5CA2-BE29-A5E0-6FCF118A9C7E}</UniqueIdentifier>
    </Filter>
    <Filter Include="src\Hazel\Events">
      <UniqueIdentifier>{D495B311-C08E-D263-E9C0-B7E8D518B26F}</UniqueIdentifier>
    </Filter>
    <Filter Include="src\Hazel\ImGui">
      <UniqueIdentifier>{1AE138B3-866C-A677-8F7D-296CFB870278}</UniqueIdentifier>
    </Filter>
    <Filter Include="src\Platform">
      <UniqueIdentifier>{21CA02E5-0D2D-9289-B6B2-CA3FA2F45D0C}</UniqueIdentifier>
    </Filter>
    <Filter Include="src\Platform\DirectX11">
      <UniqueIdentifier>{2549C2B7-1143-EB09-FAAF-811AE6485176}</UniqueIdentifier>
    </Filter>
    <Filter Include="src\Platform\DirectX11\Shaders">
      <UniqueIdentifier>{FEC2DBFA-EAE8-A561-D32E-2B2DBFF3CA2D}</UniqueIdentifier>
    </Filter>
    <Filter Include="src\Platform\Windows">
      <UniqueIdentifier>{5B054582-4794-CE4B-F0B2-E246DC20DFF1}</UniqueIdentifier>
    </Filter>
  </ItemGroup>
  <ItemGroup>
    <ClInclude Include="resource.h" />
    <ClInclude Include="src\Hazel.h">
      <Filter>src</Filter>
    </ClInclude>
    <ClInclude Include="src\Hazel\Application.h">
      <Filter>src\Hazel</Filter>
    </ClInclude>
    <ClInclude Include="src\Hazel\Core.h">
      <Filter>src\Hazel</Filter>
    </ClInclude>
    <ClInclude Include="src\Hazel\EntryPoint.h">
      <Filter>src\Hazel</Filter>
    </ClInclude>
    <ClInclude Include="src\Hazel\Events\ApplicationEvent.h">
      <Filter>src\Hazel\Events</Filter>
    </ClInclude>
    <ClInclude Include="src\Hazel\Events\Event.h">
      <Filter>src\Hazel\Events</Filter>
    </ClInclude>
    <ClInclude Include="src\Hazel\Events\KeyEvent.h">
      <Filter>src\Hazel\Events</Filter>
    </ClInclude>
    <ClInclude Include="src\Hazel\Events\MouseEvent.h">
      <Filter>src\Hazel\Events</Filter>
    </ClInclude>
    <ClInclude Include="src\Hazel\HazelException.h">
      <Filter>src\Hazel</Filter>
    </ClInclude>
    <ClInclude Include="src\Hazel\HazelTimer.h">
      <Filter>src\Hazel</Filter>
    </ClInclude>
    <ClInclude Include="src\Hazel\ImGui\ImGuiLayer.h">
      <Filter>src\Hazel\ImGui</Filter>
    </ClInclude>
    <ClInclude Include="src\Hazel\Input.h">
      <Filter>src\Hazel</Filter>
    </ClInclude>
    <ClInclude Include="src\Hazel\KeyCodes.h">
      <Filter>src\Hazel</Filter>
    </ClInclude>
    <ClInclude Include="src\Hazel\Layer.h">
      <Filter>src\Hazel</Filter>
    </ClInclude>
    <ClInclude Include="src\Hazel\LayerStack.h">
      <Filter>src\Hazel</Filter>
    </ClInclude>
    <ClInclude Include="src\Hazel\Log.h">
      <Filter>src\Hazel</Filter>
    </ClInclude>
    <ClInclude Include="src\Hazel\MouseButtonCodes.h">
      <Filter>src\Hazel</Filter>
    </ClInclude>
    <ClInclude Include="src\Hazel\Window.h">
      <Filter>src\Hazel</Filter>
    </ClInclude>
    <ClInclude Include="src\Hazel\resource.h">
      <Filter>src\Hazel</Filter>
    </ClInclude>
    <ClInclude Include="src\Platform\DirectX11\DXErr.h">
      <Filter>src\Platform\DirectX11</Filter>
    </ClInclude>
    <ClInclude Include="src\Platform\DirectX11\DXGIInfoManager.h">
      <Filter>src\Platform\DirectX11</Filter>
    </ClInclude>
    <ClInclude Include="src\Platform\DirectX11\DXGetErrorDescription.inl">
      <Filter>src\Platform\DirectX11</Filter>
    </ClInclude>
    <ClInclude Include="src\Platform\DirectX11\DXGetErrorString.inl">
      <Filter>src\Platform\DirectX11</Filter>
    </ClInclude>
    <ClInclude Include="src\Platform\DirectX11\DXTrace.inl">
      <Filter>src\Platform\DirectX11</Filter>
    </ClInclude>
    <ClInclude Include="src\Platform\DirectX11\DirectXGraphics.h">
      <Filter>src\Platform\DirectX11</Filter>
    </ClInclude>
    <ClInclude Include="src\Platform\Windows\WindowsInput.h">
      <Filter>src\Platform\Windows</Filter>
    </ClInclude>
    <ClInclude Include="src\Platform\Windows\WindowsWindow.h">
      <Filter>src\Platform\Windows</Filter>
    </ClInclude>
    <ClInclude Include="src\hzpch.h">
      <Filter>src</Filter>
    </ClInclude>
  </ItemGroup>
  <ItemGroup>
    <ClCompile Include="src\Hazel\Application.cpp">
      <Filter>src\Hazel</Filter>
    </ClCompile>
    <ClCompile Include="src\Hazel\HazelException.cpp">
      <Filter>src\Hazel</Filter>
    </ClCompile>
    <ClCompile Include="src\Hazel\HazelTimer.cpp">
      <Filter>src\Hazel</Filter>
    </ClCompile>
    <ClCompile Include="src\Hazel\ImGui\ImGuiBuild.cpp">
      <Filter>src\Hazel\ImGui</Filter>
    </ClCompile>
    <ClCompile Include="src\Hazel\ImGui\ImGuiLayer.cpp">
      <Filter>src\Hazel\ImGui</Filter>
    </ClCompile>
    <ClCompile Include="src\Hazel\Layer.cpp">
      <Filter>src\Hazel</Filter>
    </ClCompile>
    <ClCompile Include="src\Hazel\LayerStack.cpp">
      <Filter>src\Hazel</Filter>
    </ClCompile>
    <ClCompile Include="src\Hazel\Log.cpp">
      <Filter>src\Hazel</Filter>
    </ClCompile>
    <ClCompile Include="src\Platform\DirectX11\DXErr.cpp">
      <Filter>src\Platform\DirectX11</Filter>
    </ClCompile>
    <ClCompile Include="src\Platform\DirectX11\DXGIInfoManager.cpp">
      <Filter>src\Platform\DirectX11</Filter>
    </ClCompile>
    <ClCompile Include="src\Platform\DirectX11\DirectXGraphics.cpp">
      <Filter>src\Platform\DirectX11</Filter>
    </ClCompile>
    <ClCompile Include="src\Platform\Windows\WindowsInput.cpp">
      <Filter>src\Platform\Windows</Filter>
    </ClCompile>
    <ClCompile Include="src\Platform\Windows\WindowsWindow.cpp">
      <Filter>src\Platform\Windows</Filter>
    </ClCompile>
    <ClCompile Include="src\hzpch.cpp">
      <Filter>src</Filter>
    </ClCompile>
  </ItemGroup>
  <ItemGroup>
    <FxCompile Include="src\Platform\DirectX11\Shaders\PixelShader.hlsl">
      <Filter>src\Platform\DirectX11\Shaders</Filter>
    </FxCompile>
    <FxCompile Include="src\Platform\DirectX11\Shaders\VertexShader.hlsl">
      <Filter>src\Platform\DirectX11\Shaders</Filter>
    </FxCompile>
  </ItemGroup>
  <ItemGroup>
    <None Include="Hazel.aps" />
  </ItemGroup>
  <ItemGroup>
    <ResourceCompile Include="Hazel.rc" />
  </ItemGroup>
</Project>